
Microsoft Visual Studio Solution File, Format Version 12.00
# Visual Studio Version 17
VisualStudioVersion = 17.2.32616.157
MinimumVisualStudioVersion = 10.0.40219.1
Project("{FAE04EC0-301F-11D3-BF4B-00C04F79EFBC}") = "ApliRestExample", "ApliRestExample\ApliRestExample.csproj", "{81B53663-D300-4777-AD77-EA128A1C3EE4}"
EndProject
Global
	GlobalSection(SolutionConfigurationPlatforms) = preSolution
		Debug|Any CPU = Debug|Any CPU
		Release|Any CPU = Release|Any CPU
	EndGlobalSection
	GlobalSection(ProjectConfigurationPlatforms) = postSolution
		{81B53663-D300-4777-AD77-EA128A1C3EE4}.Debug|Any CPU.ActiveCfg = Debug|Any CPU
		{81B53663-D300-4777-AD77-EA128A1C3EE4}.Debug|Any CPU.Build.0 = Debug|Any CPU
		{81B53663-D300-4777-AD77-EA128A1C3EE4}.Release|Any CPU.ActiveCfg = Release|Any CPU
		{81B53663-D300-4777-AD77-EA128A1C3EE4}.Release|Any CPU.Build.0 = Release|Any CPU
	EndGlobalSection
	GlobalSection(SolutionProperties) = preSolution
		HideSolutionNode = FALSE
	EndGlobalSection
	GlobalSection(ExtensibilityGlobals) = postSolution
		SolutionGuid = {47834388-C5D8-49B7-9020-ED80B0944B06}
	EndGlobalSection
EndGlobal
